// !$*UTF8*$!
{
	archiveVersion = 1;
	classes = {
	};
	objectVersion = 55;
	objects = {

/* Begin PBXBuildFile section */
		B0DFF0D92959989000B37A96 /* SwiftUI_methodApp.swift in Sources */ = {isa = PBXBuildFile; fileRef = B0DFF0D82959989000B37A96 /* SwiftUI_methodApp.swift */; };
		B0DFF0DB2959989000B37A96 /* ContentView.swift in Sources */ = {isa = PBXBuildFile; fileRef = B0DFF0DA2959989000B37A96 /* ContentView.swift */; };
		B0DFF0DD2959989300B37A96 /* Assets.xcassets in Resources */ = {isa = PBXBuildFile; fileRef = B0DFF0DC2959989300B37A96 /* Assets.xcassets */; };
		B0DFF0E02959989300B37A96 /* Preview Assets.xcassets in Resources */ = {isa = PBXBuildFile; fileRef = B0DFF0DF2959989300B37A96 /* Preview Assets.xcassets */; };
		B0DFF0E22959989300B37A96 /* Persistence.swift in Sources */ = {isa = PBXBuildFile; fileRef = B0DFF0E12959989300B37A96 /* Persistence.swift */; };
		B0DFF0E52959989300B37A96 /* SwiftUI_method.xcdatamodeld in Sources */ = {isa = PBXBuildFile; fileRef = B0DFF0E32959989300B37A96 /* SwiftUI_method.xcdatamodeld */; };
		B0DFF0EC2959BC6E00B37A96 /* LogInView.swift in Sources */ = {isa = PBXBuildFile; fileRef = B0DFF0EB2959BC6E00B37A96 /* LogInView.swift */; };
		B0DFF0F0295AAF8900B37A96 /* VebinarView.swift in Sources */ = {isa = PBXBuildFile; fileRef = B0DFF0EF295AAF8900B37A96 /* VebinarView.swift */; };
		B0DFF0F6295B164600B37A96 /* TextFieldView.swift in Sources */ = {isa = PBXBuildFile; fileRef = B0DFF0F5295B164600B37A96 /* TextFieldView.swift */; };
		B0DFF100295B61C100B37A96 /* Extensions.swift in Sources */ = {isa = PBXBuildFile; fileRef = B0DFF0FF295B61C100B37A96 /* Extensions.swift */; };
		F0E4276A4BD31ED28560FBAF /* Pods_SwiftUI_method.framework in Frameworks */ = {isa = PBXBuildFile; fileRef = B098DFDB6E1DED4F605A4F64 /* Pods_SwiftUI_method.framework */; };
/* End PBXBuildFile section */

/* Begin PBXFileReference section */
		7572C52AC2F6955598872BEC /* Pods-SwiftUI_method.debug.xcconfig */ = {isa = PBXFileReference; includeInIndex = 1; lastKnownFileType = text.xcconfig; name = "Pods-SwiftUI_method.debug.xcconfig"; path = "Target Support Files/Pods-SwiftUI_method/Pods-SwiftUI_method.debug.xcconfig"; sourceTree = "<group>"; };
		991E87AC187669F5ED9405B5 /* Pods-SwiftUI_method.release.xcconfig */ = {isa = PBXFileReference; includeInIndex = 1; lastKnownFileType = text.xcconfig; name = "Pods-SwiftUI_method.release.xcconfig"; path = "Target Support Files/Pods-SwiftUI_method/Pods-SwiftUI_method.release.xcconfig"; sourceTree = "<group>"; };
		B098DFDB6E1DED4F605A4F64 /* Pods_SwiftUI_method.framework */ = {isa = PBXFileReference; explicitFileType = wrapper.framework; includeInIndex = 0; path = Pods_SwiftUI_method.framework; sourceTree = BUILT_PRODUCTS_DIR; };
		B0DFF0D52959989000B37A96 /* SwiftUI_method.app */ = {isa = PBXFileReference; explicitFileType = wrapper.application; includeInIndex = 0; path = SwiftUI_method.app; sourceTree = BUILT_PRODUCTS_DIR; };
		B0DFF0D82959989000B37A96 /* SwiftUI_methodApp.swift */ = {isa = PBXFileReference; lastKnownFileType = sourcecode.swift; path = SwiftUI_methodApp.swift; sourceTree = "<group>"; };
		B0DFF0DA2959989000B37A96 /* ContentView.swift */ = {isa = PBXFileReference; lastKnownFileType = sourcecode.swift; path = ContentView.swift; sourceTree = "<group>"; };
		B0DFF0DC2959989300B37A96 /* Assets.xcassets */ = {isa = PBXFileReference; lastKnownFileType = folder.assetcatalog; path = Assets.xcassets; sourceTree = "<group>"; };
		B0DFF0DF2959989300B37A96 /* Preview Assets.xcassets */ = {isa = PBXFileReference; lastKnownFileType = folder.assetcatalog; path = "Preview Assets.xcassets"; sourceTree = "<group>"; };
		B0DFF0E12959989300B37A96 /* Persistence.swift */ = {isa = PBXFileReference; lastKnownFileType = sourcecode.swift; path = Persistence.swift; sourceTree = "<group>"; };
		B0DFF0E42959989300B37A96 /* SwiftUI_method.xcdatamodel */ = {isa = PBXFileReference; lastKnownFileType = wrapper.xcdatamodel; path = SwiftUI_method.xcdatamodel; sourceTree = "<group>"; };
		B0DFF0EB2959BC6E00B37A96 /* LogInView.swift */ = {isa = PBXFileReference; lastKnownFileType = sourcecode.swift; path = LogInView.swift; sourceTree = "<group>"; };
		B0DFF0EF295AAF8900B37A96 /* VebinarView.swift */ = {isa = PBXFileReference; lastKnownFileType = sourcecode.swift; path = VebinarView.swift; sourceTree = "<group>"; };
		B0DFF0F5295B164600B37A96 /* TextFieldView.swift */ = {isa = PBXFileReference; fileEncoding = 4; lastKnownFileType = sourcecode.swift; path = TextFieldView.swift; sourceTree = "<group>"; };
		B0DFF0FF295B61C100B37A96 /* Extensions.swift */ = {isa = PBXFileReference; lastKnownFileType = sourcecode.swift; path = Extensions.swift; sourceTree = "<group>"; };
/* End PBXFileReference section */

/* Begin PBXFrameworksBuildPhase section */
		B0DFF0D22959989000B37A96 /* Frameworks */ = {
			isa = PBXFrameworksBuildPhase;
			buildActionMask = 2147483647;
			files = (
				F0E4276A4BD31ED28560FBAF /* Pods_SwiftUI_method.framework in Frameworks */,
			);
			runOnlyForDeploymentPostprocessing = 0;
		};
/* End PBXFrameworksBuildPhase section */

/* Begin PBXGroup section */
		36105271D5C2909151A82813 /* Frameworks */ = {
			isa = PBXGroup;
			children = (
				B098DFDB6E1DED4F605A4F64 /* Pods_SwiftUI_method.framework */,
			);
			name = Frameworks;
			sourceTree = "<group>";
		};
		36D29B41D40CE9F4FEE16ECC /* Pods */ = {
			isa = PBXGroup;
			children = (
				7572C52AC2F6955598872BEC /* Pods-SwiftUI_method.debug.xcconfig */,
				991E87AC187669F5ED9405B5 /* Pods-SwiftUI_method.release.xcconfig */,
			);
			path = Pods;
			sourceTree = "<group>";
		};
		B0DFF0CC2959989000B37A96 = {
			isa = PBXGroup;
			children = (
				B0DFF0D72959989000B37A96 /* SwiftUI_method */,
				B0DFF0D62959989000B37A96 /* Products */,
				36D29B41D40CE9F4FEE16ECC /* Pods */,
				36105271D5C2909151A82813 /* Frameworks */,
			);
			sourceTree = "<group>";
		};
		B0DFF0D62959989000B37A96 /* Products */ = {
			isa = PBXGroup;
			children = (
				B0DFF0D52959989000B37A96 /* SwiftUI_method.app */,
			);
			name = Products;
			sourceTree = "<group>";
		};
		B0DFF0D72959989000B37A96 /* SwiftUI_method */ = {
			isa = PBXGroup;
			children = (
				B0DFF0FE295B61A900B37A96 /* Extensions */,
				B0DFF0F4295B154100B37A96 /* SignIn */,
				B0DFF0F1295B14C300B37A96 /* Controllers */,
				B0DFF0D82959989000B37A96 /* SwiftUI_methodApp.swift */,
				B0DFF0EF295AAF8900B37A96 /* VebinarView.swift */,
				B0DFF0DA2959989000B37A96 /* ContentView.swift */,
				B0DFF0DC2959989300B37A96 /* Assets.xcassets */,
				B0DFF0E12959989300B37A96 /* Persistence.swift */,
				B0DFF0E32959989300B37A96 /* SwiftUI_method.xcdatamodeld */,
				B0DFF0DE2959989300B37A96 /* Preview Content */,
			);
			path = SwiftUI_method;
			sourceTree = "<group>";
		};
		B0DFF0DE2959989300B37A96 /* Preview Content */ = {
			isa = PBXGroup;
			children = (
				B0DFF0DF2959989300B37A96 /* Preview Assets.xcassets */,
			);
			path = "Preview Content";
			sourceTree = "<group>";
		};
		B0DFF0F1295B14C300B37A96 /* Controllers */ = {
			isa = PBXGroup;
			children = (
			);
			path = Controllers;
			sourceTree = "<group>";
		};
		B0DFF0F4295B154100B37A96 /* SignIn */ = {
			isa = PBXGroup;
			children = (
				B0DFF0EB2959BC6E00B37A96 /* LogInView.swift */,
				B0DFF0F5295B164600B37A96 /* TextFieldView.swift */,
			);
			path = SignIn;
			sourceTree = "<group>";
		};
		B0DFF0FE295B61A900B37A96 /* Extensions */ = {
			isa = PBXGroup;
			children = (
				B0DFF0FF295B61C100B37A96 /* Extensions.swift */,
			);
			path = Extensions;
			sourceTree = "<group>";
		};
/* End PBXGroup section */

/* Begin PBXNativeTarget section */
		B0DFF0D42959989000B37A96 /* SwiftUI_method */ = {
			isa = PBXNativeTarget;
			buildConfigurationList = B0DFF0E82959989300B37A96 /* Build configuration list for PBXNativeTarget "SwiftUI_method" */;
			buildPhases = (
				71A3055B38762D78892A78E8 /* [CP] Check Pods Manifest.lock */,
				B0DFF0D12959989000B37A96 /* Sources */,
				B0DFF0D22959989000B37A96 /* Frameworks */,
				B0DFF0D32959989000B37A96 /* Resources */,
				8589A5F966BE505455AE46C2 /* [CP] Embed Pods Frameworks */,
			);
			buildRules = (
			);
			dependencies = (
			);
			name = SwiftUI_method;
			productName = SwiftUI_method;
			productReference = B0DFF0D52959989000B37A96 /* SwiftUI_method.app */;
			productType = "com.apple.product-type.application";
		};
/* End PBXNativeTarget section */

/* Begin PBXProject section */
		B0DFF0CD2959989000B37A96 /* Project object */ = {
			isa = PBXProject;
			attributes = {
				BuildIndependentTargetsInParallel = 1;
				LastSwiftUpdateCheck = 1410;
				LastUpgradeCheck = 1410;
				TargetAttributes = {
					B0DFF0D42959989000B37A96 = {
						CreatedOnToolsVersion = 14.1;
					};
				};
			};
			buildConfigurationList = B0DFF0D02959989000B37A96 /* Build configuration list for PBXProject "SwiftUI_method" */;
			compatibilityVersion = "Xcode 13.0";
			developmentRegion = en;
			hasScannedForEncodings = 0;
			knownRegions = (
				en,
				Base,
			);
			mainGroup = B0DFF0CC2959989000B37A96;
			productRefGroup = B0DFF0D62959989000B37A96 /* Products */;
			projectDirPath = "";
			projectRoot = "";
			targets = (
				B0DFF0D42959989000B37A96 /* SwiftUI_method */,
			);
		};
/* End PBXProject section */

/* Begin PBXResourcesBuildPhase section */
		B0DFF0D32959989000B37A96 /* Resources */ = {
			isa = PBXResourcesBuildPhase;
			buildActionMask = 2147483647;
			files = (
				B0DFF0E02959989300B37A96 /* Preview Assets.xcassets in Resources */,
				B0DFF0DD2959989300B37A96 /* Assets.xcassets in Resources */,
			);
			runOnlyForDeploymentPostprocessing = 0;
		};
/* End PBXResourcesBuildPhase section */

/* Begin PBXShellScriptBuildPhase section */
		71A3055B38762D78892A78E8 /* [CP] Check Pods Manifest.lock */ = {
			isa = PBXShellScriptBuildPhase;
			buildActionMask = 2147483647;
			files = (
			);
			inputFileListPaths = (
			);
			inputPaths = (
				"${PODS_PODFILE_DIR_PATH}/Podfile.lock",
				"${PODS_ROOT}/Manifest.lock",
			);
			name = "[CP] Check Pods Manifest.lock";
			outputFileListPaths = (
			);
			outputPaths = (
				"$(DERIVED_FILE_DIR)/Pods-SwiftUI_method-checkManifestLockResult.txt",
			);
			runOnlyForDeploymentPostprocessing = 0;
			shellPath = /bin/sh;
			shellScript = "diff \"${PODS_PODFILE_DIR_PATH}/Podfile.lock\" \"${PODS_ROOT}/Manifest.lock\" > /dev/null\nif [ $? != 0 ] ; then\n    # print error to STDERR\n    echo \"error: The sandbox is not in sync with the Podfile.lock. Run 'pod install' or update your CocoaPods installation.\" >&2\n    exit 1\nfi\n# This output is used by Xcode 'outputs' to avoid re-running this script phase.\necho \"SUCCESS\" > \"${SCRIPT_OUTPUT_FILE_0}\"\n";
			showEnvVarsInLog = 0;
		};
		8589A5F966BE505455AE46C2 /* [CP] Embed Pods Frameworks */ = {
			isa = PBXShellScriptBuildPhase;
			buildActionMask = 2147483647;
			files = (
			);
			inputFileListPaths = (
				"${PODS_ROOT}/Target Support Files/Pods-SwiftUI_method/Pods-SwiftUI_method-frameworks-${CONFIGURATION}-input-files.xcfilelist",
			);
			name = "[CP] Embed Pods Frameworks";
			outputFileListPaths = (
				"${PODS_ROOT}/Target Support Files/Pods-SwiftUI_method/Pods-SwiftUI_method-frameworks-${CONFIGURATION}-output-files.xcfilelist",
			);
			runOnlyForDeploymentPostprocessing = 0;
			shellPath = /bin/sh;
			shellScript = "\"${PODS_ROOT}/Target Support Files/Pods-SwiftUI_method/Pods-SwiftUI_method-frameworks.sh\"\n";
			showEnvVarsInLog = 0;
		};
/* End PBXShellScriptBuildPhase section */

/* Begin PBXSourcesBuildPhase section */
		B0DFF0D12959989000B37A96 /* Sources */ = {
			isa = PBXSourcesBuildPhase;
			buildActionMask = 2147483647;
			files = (
				B0DFF0EC2959BC6E00B37A96 /* LogInView.swift in Sources */,
				B0DFF0F6295B164600B37A96 /* TextFieldView.swift in Sources */,
				B0DFF0E22959989300B37A96 /* Persistence.swift in Sources */,
				B0DFF100295B61C100B37A96 /* Extensions.swift in Sources */,
				B0DFF0F0295AAF8900B37A96 /* VebinarView.swift in Sources */,
				B0DFF0DB2959989000B37A96 /* ContentView.swift in Sources */,
				B0DFF0E52959989300B37A96 /* SwiftUI_method.xcdatamodeld in Sources */,
				B0DFF0D92959989000B37A96 /* SwiftUI_methodApp.swift in Sources */,
			);
			runOnlyForDeploymentPostprocessing = 0;
		};
/* End PBXSourcesBuildPhase section */

/* Begin XCBuildConfiguration section */
		B0DFF0E62959989300B37A96 /* Debug */ = {
			isa = XCBuildConfiguration;
			buildSettings = {
				ALWAYS_SEARCH_USER_PATHS = NO;
				CLANG_ANALYZER_NONNULL = YES;
				CLANG_ANALYZER_NUMBER_OBJECT_CONVERSION = YES_AGGRESSIVE;
				CLANG_CXX_LANGUAGE_STANDARD = "gnu++20";
				CLANG_ENABLE_MODULES = YES;
				CLANG_ENABLE_OBJC_ARC = YES;
				CLANG_ENABLE_OBJC_WEAK = YES;
				CLANG_WARN_BLOCK_CAPTURE_AUTORELEASING = YES;
				CLANG_WARN_BOOL_CONVERSION = YES;
				CLANG_WARN_COMMA = YES;
				CLANG_WARN_CONSTANT_CONVERSION = YES;
				CLANG_WARN_DEPRECATED_OBJC_IMPLEMENTATIONS = YES;
				CLANG_WARN_DIRECT_OBJC_ISA_USAGE = YES_ERROR;
				CLANG_WARN_DOCUMENTATION_COMMENTS = YES;
				CLANG_WARN_EMPTY_BODY = YES;
				CLANG_WARN_ENUM_CONVERSION = YES;
				CLANG_WARN_INFINITE_RECURSION = YES;
				CLANG_WARN_INT_CONVERSION = YES;
				CLANG_WARN_NON_LITERAL_NULL_CONVERSION = YES;
				CLANG_WARN_OBJC_IMPLICIT_RETAIN_SELF = YES;
				CLANG_WARN_OBJC_LITERAL_CONVERSION = YES;
				CLANG_WARN_OBJC_ROOT_CLASS = YES_ERROR;
				CLANG_WARN_QUOTED_INCLUDE_IN_FRAMEWORK_HEADER = YES;
				CLANG_WARN_RANGE_LOOP_ANALYSIS = YES;
				CLANG_WARN_STRICT_PROTOTYPES = YES;
				CLANG_WARN_SUSPICIOUS_MOVE = YES;
				CLANG_WARN_UNGUARDED_AVAILABILITY = YES_AGGRESSIVE;
				CLANG_WARN_UNREACHABLE_CODE = YES;
				CLANG_WARN__DUPLICATE_METHOD_MATCH = YES;
				COPY_PHASE_STRIP = NO;
				DEBUG_INFORMATION_FORMAT = dwarf;
				ENABLE_STRICT_OBJC_MSGSEND = YES;
				ENABLE_TESTABILITY = YES;
				GCC_C_LANGUAGE_STANDARD = gnu11;
				GCC_DYNAMIC_NO_PIC = NO;
				GCC_NO_COMMON_BLOCKS = YES;
				GCC_OPTIMIZATION_LEVEL = 0;
				GCC_PREPROCESSOR_DEFINITIONS = (
					"DEBUG=1",
					"$(inherited)",
				);
				GCC_WARN_64_TO_32_BIT_CONVERSION = YES;
				GCC_WARN_ABOUT_RETURN_TYPE = YES_ERROR;
				GCC_WARN_UNDECLARED_SELECTOR = YES;
				GCC_WARN_UNINITIALIZED_AUTOS = YES_AGGRESSIVE;
				GCC_WARN_UNUSED_FUNCTION = YES;
				GCC_WARN_UNUSED_VARIABLE = YES;
				IPHONEOS_DEPLOYMENT_TARGET = 16.1;
				MTL_ENABLE_DEBUG_INFO = INCLUDE_SOURCE;
				MTL_FAST_MATH = YES;
				ONLY_ACTIVE_ARCH = YES;
				SDKROOT = iphoneos;
				SWIFT_ACTIVE_COMPILATION_CONDITIONS = DEBUG;
				SWIFT_OPTIMIZATION_LEVEL = "-Onone";
			};
			name = Debug;
		};
		B0DFF0E72959989300B37A96 /* Release */ = {
			isa = XCBuildConfiguration;
			buildSettings = {
				ALWAYS_SEARCH_USER_PATHS = NO;
				CLANG_ANALYZER_NONNULL = YES;
				CLANG_ANALYZER_NUMBER_OBJECT_CONVERSION = YES_AGGRESSIVE;
				CLANG_CXX_LANGUAGE_STANDARD = "gnu++20";
				CLANG_ENABLE_MODULES = YES;
				CLANG_ENABLE_OBJC_ARC = YES;
				CLANG_ENABLE_OBJC_WEAK = YES;
				CLANG_WARN_BLOCK_CAPTURE_AUTORELEASING = YES;
				CLANG_WARN_BOOL_CONVERSION = YES;
				CLANG_WARN_COMMA = YES;
				CLANG_WARN_CONSTANT_CONVERSION = YES;
				CLANG_WARN_DEPRECATED_OBJC_IMPLEMENTATIONS = YES;
				CLANG_WARN_DIRECT_OBJC_ISA_USAGE = YES_ERROR;
				CLANG_WARN_DOCUMENTATION_COMMENTS = YES;
				CLANG_WARN_EMPTY_BODY = YES;
				CLANG_WARN_ENUM_CONVERSION = YES;
				CLANG_WARN_INFINITE_RECURSION = YES;
				CLANG_WARN_INT_CONVERSION = YES;
				CLANG_WARN_NON_LITERAL_NULL_CONVERSION = YES;
				CLANG_WARN_OBJC_IMPLICIT_RETAIN_SELF = YES;
				CLANG_WARN_OBJC_LITERAL_CONVERSION = YES;
				CLANG_WARN_OBJC_ROOT_CLASS = YES_ERROR;
				CLANG_WARN_QUOTED_INCLUDE_IN_FRAMEWORK_HEADER = YES;
				CLANG_WARN_RANGE_LOOP_ANALYSIS = YES;
				CLANG_WARN_STRICT_PROTOTYPES = YES;
				CLANG_WARN_SUSPICIOUS_MOVE = YES;
				CLANG_WARN_UNGUARDED_AVAILABILITY = YES_AGGRESSIVE;
				CLANG_WARN_UNREACHABLE_CODE = YES;
				CLANG_WARN__DUPLICATE_METHOD_MATCH = YES;
				COPY_PHASE_STRIP = NO;
				DEBUG_INFORMATION_FORMAT = "dwarf-with-dsym";
				ENABLE_NS_ASSERTIONS = NO;
				ENABLE_STRICT_OBJC_MSGSEND = YES;
				GCC_C_LANGUAGE_STANDARD = gnu11;
				GCC_NO_COMMON_BLOCKS = YES;
				GCC_WARN_64_TO_32_BIT_CONVERSION = YES;
				GCC_WARN_ABOUT_RETURN_TYPE = YES_ERROR;
				GCC_WARN_UNDECLARED_SELECTOR = YES;
				GCC_WARN_UNINITIALIZED_AUTOS = YES_AGGRESSIVE;
				GCC_WARN_UNUSED_FUNCTION = YES;
				GCC_WARN_UNUSED_VARIABLE = YES;
				IPHONEOS_DEPLOYMENT_TARGET = 16.1;
				MTL_ENABLE_DEBUG_INFO = NO;
				MTL_FAST_MATH = YES;
				SDKROOT = iphoneos;
				SWIFT_COMPILATION_MODE = wholemodule;
				SWIFT_OPTIMIZATION_LEVEL = "-O";
				VALIDATE_PRODUCT = YES;
			};
			name = Release;
		};
		B0DFF0E92959989300B37A96 /* Debug */ = {
			isa = XCBuildConfiguration;
			baseConfigurationReference = 7572C52AC2F6955598872BEC /* Pods-SwiftUI_method.debug.xcconfig */;
			buildSettings = {
				ASSETCATALOG_COMPILER_APPICON_NAME = AppIcon;
				ASSETCATALOG_COMPILER_GLOBAL_ACCENT_COLOR_NAME = AccentColor;
				CODE_SIGN_STYLE = Automatic;
				CURRENT_PROJECT_VERSION = 1;
				DEVELOPMENT_ASSET_PATHS = "\"SwiftUI_method/Preview Content\"";
				DEVELOPMENT_TEAM = W3VF76BU83;
				ENABLE_PREVIEWS = YES;
				GENERATE_INFOPLIST_FILE = YES;
				INFOPLIST_KEY_UIApplicationSceneManifest_Generation = YES;
				INFOPLIST_KEY_UIApplicationSupportsIndirectInputEvents = YES;
				INFOPLIST_KEY_UILaunchScreen_Generation = YES;
				INFOPLIST_KEY_UISupportedInterfaceOrientations_iPad = "UIInterfaceOrientationPortrait UIInterfaceOrientationPortraitUpsideDown UIInterfaceOrientationLandscapeLeft UIInterfaceOrientationLandscapeRight";
				INFOPLIST_KEY_UISupportedInterfaceOrientations_iPhone = "UIInterfaceOrientationPortrait UIInterfaceOrientationLandscapeLeft UIInterfaceOrientationLandscapeRight";
				LD_RUNPATH_SEARCH_PATHS = (
					"$(inherited)",
					"@executable_path/Frameworks",
				);
				MARKETING_VERSION = 1.0;
				PRODUCT_BUNDLE_IDENTIFIER = "assaibra.SwiftUI-method";
				PRODUCT_NAME = "$(TARGET_NAME)";
				SWIFT_EMIT_LOC_STRINGS = YES;
				SWIFT_VERSION = 5.0;
				TARGETED_DEVICE_FAMILY = "1,2";
			};
			name = Debug;
		};
		B0DFF0EA2959989300B37A96 /* Release */ = {
			isa = XCBuildConfiguration;
			baseConfigurationReference = 991E87AC187669F5ED9405B5 /* Pods-SwiftUI_method.release.xcconfig */;
			buildSettings = {
				ASSETCATALOG_COMPILER_APPICON_NAME = AppIcon;
				ASSETCATALOG_COMPILER_GLOBAL_ACCENT_COLOR_NAME = AccentColor;
				CODE_SIGN_STYLE = Automatic;
				CURRENT_PROJECT_VERSION = 1;
				DEVELOPMENT_ASSET_PATHS = "\"SwiftUI_method/Preview Content\"";
				DEVELOPMENT_TEAM = W3VF76BU83;
				ENABLE_PREVIEWS = YES;
				GENERATE_INFOPLIST_FILE = YES;
				INFOPLIST_KEY_UIApplicationSceneManifest_Generation = YES;
				INFOPLIST_KEY_UIApplicationSupportsIndirectInputEvents = YES;
				INFOPLIST_KEY_UILaunchScreen_Generation = YES;
				INFOPLIST_KEY_UISupportedInterfaceOrientations_iPad = "UIInterfaceOrientationPortrait UIInterfaceOrientationPortraitUpsideDown UIInterfaceOrientationLandscapeLeft UIInterfaceOrientationLandscapeRight";
				INFOPLIST_KEY_UISupportedInterfaceOrientations_iPhone = "UIInterfaceOrientationPortrait UIInterfaceOrientationLandscapeLeft UIInterfaceOrientationLandscapeRight";
				LD_RUNPATH_SEARCH_PATHS = (
					"$(inherited)",
					"@executable_path/Frameworks",
				);
				MARKETING_VERSION = 1.0;
				PRODUCT_BUNDLE_IDENTIFIER = "assaibra.SwiftUI-method";
				PRODUCT_NAME = "$(TARGET_NAME)";
				SWIFT_EMIT_LOC_STRINGS = YES;
				SWIFT_VERSION = 5.0;
				TARGETED_DEVICE_FAMILY = "1,2";
			};
			name = Release;
		};
/* End XCBuildConfiguration section */

/* Begin XCConfigurationList section */
		B0DFF0D02959989000B37A96 /* Build configuration list for PBXProject "SwiftUI_method" */ = {
			isa = XCConfigurationList;
			buildConfigurations = (
				B0DFF0E62959989300B37A96 /* Debug */,
				B0DFF0E72959989300B37A96 /* Release */,
			);
			defaultConfigurationIsVisible = 0;
			defaultConfigurationName = Release;
		};
		B0DFF0E82959989300B37A96 /* Build configuration list for PBXNativeTarget "SwiftUI_method" */ = {
			isa = XCConfigurationList;
			buildConfigurations = (
				B0DFF0E92959989300B37A96 /* Debug */,
				B0DFF0EA2959989300B37A96 /* Release */,
			);
			defaultConfigurationIsVisible = 0;
			defaultConfigurationName = Release;
		};
/* End XCConfigurationList section */

/* Begin XCVersionGroup section */
		B0DFF0E32959989300B37A96 /* SwiftUI_method.xcdatamodeld */ = {
			isa = XCVersionGroup;
			children = (
				B0DFF0E42959989300B37A96 /* SwiftUI_method.xcdatamodel */,
			);
			currentVersion = B0DFF0E42959989300B37A96 /* SwiftUI_method.xcdatamodel */;
			path = SwiftUI_method.xcdatamodeld;
			sourceTree = "<group>";
			versionGroupType = wrapper.xcdatamodel;
		};
/* End XCVersionGroup section */
	};
	rootObject = B0DFF0CD2959989000B37A96 /* Project object */;
}
